
Microsoft Visual Studio Solution File, Format Version 12.00
# Visual Studio Version 16
VisualStudioVersion = 16.0.29926.136
MinimumVisualStudioVersion = 10.0.40219.1
Project("{9A19103F-16F7-4668-BE54-9A1E7A4F7556}") = "Scorer", "Scorer\Scorer.csproj", "{8C97D5BE-6CE2-4BF0-986B-CCBB05FCCFEC}"
EndProject
Project("{9A19103F-16F7-4668-BE54-9A1E7A4F7556}") = "ScorerTests", "ScorerTests\ScorerTests.csproj", "{3B95400E-654C-45BB-8C44-FC77753DDCC5}"
EndProject
Project("{9A19103F-16F7-4668-BE54-9A1E7A4F7556}") = "YahtzeeInterfaces", "YatzeeInterfaces\YahtzeeInterfaces.csproj", "{8469D82B-BB51-486F-A301-B9E33D6FC5DA}"
EndProject
Project("{9A19103F-16F7-4668-BE54-9A1E7A4F7556}") = "ExampleClient", "ExampleClient\ExampleClient.csproj", "{CBDEC428-2795-43E0-8778-578C7FA9D586}"
EndProject
Global
	GlobalSection(SolutionConfigurationPlatforms) = preSolution
		Debug|Any CPU = Debug|Any CPU
		Release|Any CPU = Release|Any CPU
	EndGlobalSection
	GlobalSection(ProjectConfigurationPlatforms) = postSolution
		{8C97D5BE-6CE2-4BF0-986B-CCBB05FCCFEC}.Debug|Any CPU.ActiveCfg = Debug|Any CPU
		{8C97D5BE-6CE2-4BF0-986B-CCBB05FCCFEC}.Debug|Any CPU.Build.0 = Debug|Any CPU
		{8C97D5BE-6CE2-4BF0-986B-CCBB05FCCFEC}.Release|Any CPU.ActiveCfg = Release|Any CPU
		{8C97D5BE-6CE2-4BF0-986B-CCBB05FCCFEC}.Release|Any CPU.Build.0 = Release|Any CPU
		{3B95400E-654C-45BB-8C44-FC77753DDCC5}.Debug|Any CPU.ActiveCfg = Debug|Any CPU
		{3B95400E-654C-45BB-8C44-FC77753DDCC5}.Debug|Any CPU.Build.0 = Debug|Any CPU
		{3B95400E-654C-45BB-8C44-FC77753DDCC5}.Release|Any CPU.ActiveCfg = Release|Any CPU
		{3B95400E-654C-45BB-8C44-FC77753DDCC5}.Release|Any CPU.Build.0 = Release|Any CPU
		{8469D82B-BB51-486F-A301-B9E33D6FC5DA}.Debug|Any CPU.ActiveCfg = Debug|Any CPU
		{8469D82B-BB51-486F-A301-B9E33D6FC5DA}.Debug|Any CPU.Build.0 = Debug|Any CPU
		{8469D82B-BB51-486F-A301-B9E33D6FC5DA}.Release|Any CPU.ActiveCfg = Release|Any CPU
		{8469D82B-BB51-486F-A301-B9E33D6FC5DA}.Release|Any CPU.Build.0 = Release|Any CPU
		{CBDEC428-2795-43E0-8778-578C7FA9D586}.Debug|Any CPU.ActiveCfg = Debug|Any CPU
		{CBDEC428-2795-43E0-8778-578C7FA9D586}.Debug|Any CPU.Build.0 = Debug|Any CPU
		{CBDEC428-2795-43E0-8778-578C7FA9D586}.Release|Any CPU.ActiveCfg = Release|Any CPU
		{CBDEC428-2795-43E0-8778-578C7FA9D586}.Release|Any CPU.Build.0 = Release|Any CPU
	EndGlobalSection
	GlobalSection(SolutionProperties) = preSolution
		HideSolutionNode = FALSE
	EndGlobalSection
	GlobalSection(ExtensibilityGlobals) = postSolution
		SolutionGuid = {1BC34C43-3F43-4650-B5DE-27DB8DB6C628}
	EndGlobalSection
EndGlobal
